
Microsoft Visual Studio Solution File, Format Version 12.00
# Visual Studio Version 17
VisualStudioVersion = 17.8.34309.116
MinimumVisualStudioVersion = 10.0.40219.1
Project("{2150E333-8FDC-42A3-9474-1A3956D46DE8}") = "FrontEnd", "FrontEnd", "{2872D870-38CE-4EB6-9B99-8A2D9615E64E}"
EndProject
Project("{2150E333-8FDC-42A3-9474-1A3956D46DE8}") = "Gateway", "Gateway", "{A072EBF5-A7BF-4B44-BAC8-664CC59E9A54}"
EndProject
Project("{2150E333-8FDC-42A3-9474-1A3956D46DE8}") = "Integration", "Integration", "{5425A152-CD9F-4247-82E9-5944B0823D25}"
EndProject
Project("{2150E333-8FDC-42A3-9474-1A3956D46DE8}") = "Services", "Services", "{E72BF8BB-245A-4049-BC89-478429B11BE3}"
EndProject
Project("{9A19103F-16F7-4668-BE54-9A1E7A4F7556}") = "CouponAPI", "CuponAPI\CouponAPI.csproj", "{A5281368-B85A-4A78-9DB1-9BB02AD45265}"
EndProject
Project("{9A19103F-16F7-4668-BE54-9A1E7A4F7556}") = "CouponWeb", "CouponWeb\CouponWeb.csproj", "{3B93F286-6F6F-4A32-B261-7EDB5565BA68}"
EndProject
Project("{9A19103F-16F7-4668-BE54-9A1E7A4F7556}") = "AuthAPI", "AuthAPI\AuthAPI.csproj", "{53D48BCF-D986-48C3-BF7F-798F97903E35}"
EndProject
Project("{9A19103F-16F7-4668-BE54-9A1E7A4F7556}") = "ProductAPI", "ProductAPI\ProductAPI.csproj", "{40C0EB3C-07B9-4677-B9FD-7572AA2E3962}"
EndProject
Project("{9A19103F-16F7-4668-BE54-9A1E7A4F7556}") = "ShoppingCartAPI", "ShoppingCartAPI\ShoppingCartAPI.csproj", "{79669190-C84B-4934-B568-9CAA67BE5AFA}"
EndProject
Project("{FAE04EC0-301F-11D3-BF4B-00C04F79EFBC}") = "MessageBus", "MessageBus\MessageBus.csproj", "{2B529F40-E55E-479F-A0C0-326AADF52F3C}"
EndProject
Project("{FAE04EC0-301F-11D3-BF4B-00C04F79EFBC}") = "EmailAPI", "EmailAPI\EmailAPI.csproj", "{9C3F2F10-6741-498A-982C-8F83BFB9ADEA}"
EndProject
Global
	GlobalSection(SolutionConfigurationPlatforms) = preSolution
		Debug|Any CPU = Debug|Any CPU
		Release|Any CPU = Release|Any CPU
	EndGlobalSection
	GlobalSection(ProjectConfigurationPlatforms) = postSolution
		{A5281368-B85A-4A78-9DB1-9BB02AD45265}.Debug|Any CPU.ActiveCfg = Debug|Any CPU
		{A5281368-B85A-4A78-9DB1-9BB02AD45265}.Debug|Any CPU.Build.0 = Debug|Any CPU
		{A5281368-B85A-4A78-9DB1-9BB02AD45265}.Release|Any CPU.ActiveCfg = Release|Any CPU
		{A5281368-B85A-4A78-9DB1-9BB02AD45265}.Release|Any CPU.Build.0 = Release|Any CPU
		{3B93F286-6F6F-4A32-B261-7EDB5565BA68}.Debug|Any CPU.ActiveCfg = Debug|Any CPU
		{3B93F286-6F6F-4A32-B261-7EDB5565BA68}.Debug|Any CPU.Build.0 = Debug|Any CPU
		{3B93F286-6F6F-4A32-B261-7EDB5565BA68}.Release|Any CPU.ActiveCfg = Release|Any CPU
		{3B93F286-6F6F-4A32-B261-7EDB5565BA68}.Release|Any CPU.Build.0 = Release|Any CPU
		{53D48BCF-D986-48C3-BF7F-798F97903E35}.Debug|Any CPU.ActiveCfg = Debug|Any CPU
		{53D48BCF-D986-48C3-BF7F-798F97903E35}.Debug|Any CPU.Build.0 = Debug|Any CPU
		{53D48BCF-D986-48C3-BF7F-798F97903E35}.Release|Any CPU.ActiveCfg = Release|Any CPU
		{53D48BCF-D986-48C3-BF7F-798F97903E35}.Release|Any CPU.Build.0 = Release|Any CPU
		{40C0EB3C-07B9-4677-B9FD-7572AA2E3962}.Debug|Any CPU.ActiveCfg = Debug|Any CPU
		{40C0EB3C-07B9-4677-B9FD-7572AA2E3962}.Debug|Any CPU.Build.0 = Debug|Any CPU
		{40C0EB3C-07B9-4677-B9FD-7572AA2E3962}.Release|Any CPU.ActiveCfg = Release|Any CPU
		{40C0EB3C-07B9-4677-B9FD-7572AA2E3962}.Release|Any CPU.Build.0 = Release|Any CPU
		{79669190-C84B-4934-B568-9CAA67BE5AFA}.Debug|Any CPU.ActiveCfg = Debug|Any CPU
		{79669190-C84B-4934-B568-9CAA67BE5AFA}.Debug|Any CPU.Build.0 = Debug|Any CPU
		{79669190-C84B-4934-B568-9CAA67BE5AFA}.Release|Any CPU.ActiveCfg = Release|Any CPU
		{79669190-C84B-4934-B568-9CAA67BE5AFA}.Release|Any CPU.Build.0 = Release|Any CPU
		{2B529F40-E55E-479F-A0C0-326AADF52F3C}.Debug|Any CPU.ActiveCfg = Debug|Any CPU
		{2B529F40-E55E-479F-A0C0-326AADF52F3C}.Debug|Any CPU.Build.0 = Debug|Any CPU
		{2B529F40-E55E-479F-A0C0-326AADF52F3C}.Release|Any CPU.ActiveCfg = Release|Any CPU
		{2B529F40-E55E-479F-A0C0-326AADF52F3C}.Release|Any CPU.Build.0 = Release|Any CPU
		{9C3F2F10-6741-498A-982C-8F83BFB9ADEA}.Debug|Any CPU.ActiveCfg = Debug|Any CPU
		{9C3F2F10-6741-498A-982C-8F83BFB9ADEA}.Debug|Any CPU.Build.0 = Debug|Any CPU
		{9C3F2F10-6741-498A-982C-8F83BFB9ADEA}.Release|Any CPU.ActiveCfg = Release|Any CPU
		{9C3F2F10-6741-498A-982C-8F83BFB9ADEA}.Release|Any CPU.Build.0 = Release|Any CPU
	EndGlobalSection
	GlobalSection(SolutionProperties) = preSolution
		HideSolutionNode = FALSE
	EndGlobalSection
	GlobalSection(NestedProjects) = preSolution
		{A5281368-B85A-4A78-9DB1-9BB02AD45265} = {E72BF8BB-245A-4049-BC89-478429B11BE3}
		{3B93F286-6F6F-4A32-B261-7EDB5565BA68} = {2872D870-38CE-4EB6-9B99-8A2D9615E64E}
		{53D48BCF-D986-48C3-BF7F-798F97903E35} = {E72BF8BB-245A-4049-BC89-478429B11BE3}
		{40C0EB3C-07B9-4677-B9FD-7572AA2E3962} = {E72BF8BB-245A-4049-BC89-478429B11BE3}
		{79669190-C84B-4934-B568-9CAA67BE5AFA} = {E72BF8BB-245A-4049-BC89-478429B11BE3}
		{2B529F40-E55E-479F-A0C0-326AADF52F3C} = {5425A152-CD9F-4247-82E9-5944B0823D25}
		{9C3F2F10-6741-498A-982C-8F83BFB9ADEA} = {E72BF8BB-245A-4049-BC89-478429B11BE3}
	EndGlobalSection
	GlobalSection(ExtensibilityGlobals) = postSolution
		SolutionGuid = {D34B9B0A-E347-4AC1-AD73-200B7BF38112}
	EndGlobalSection
EndGlobal
